
Microsoft Visual Studio Solution File, Format Version 12.00
# Visual Studio Version 17
VisualStudioVersion = 17.14.36121.58 d17.14
MinimumVisualStudioVersion = 10.0.40219.1
Project("{FAE04EC0-301F-11D3-BF4B-00C04F79EFBC}") = "INF_LAB2", "INF_LAB2\INF_LAB2.csproj", "{FEC300AE-7BDC-4DFA-99FA-E3F9CFCA5194}"
EndProject
Global
	GlobalSection(SolutionConfigurationPlatforms) = preSolution
		Debug|Any CPU = Debug|Any CPU
		Release|Any CPU = Release|Any CPU
	EndGlobalSection
	GlobalSection(ProjectConfigurationPlatforms) = postSolution
		{FEC300AE-7BDC-4DFA-99FA-E3F9CFCA5194}.Debug|Any CPU.ActiveCfg = Debug|Any CPU
		{FEC300AE-7BDC-4DFA-99FA-E3F9CFCA5194}.Debug|Any CPU.Build.0 = Debug|Any CPU
		{FEC300AE-7BDC-4DFA-99FA-E3F9CFCA5194}.Release|Any CPU.ActiveCfg = Release|Any CPU
		{FEC300AE-7BDC-4DFA-99FA-E3F9CFCA5194}.Release|Any CPU.Build.0 = Release|Any CPU
	EndGlobalSection
	GlobalSection(SolutionProperties) = preSolution
		HideSolutionNode = FALSE
	EndGlobalSection
	GlobalSection(ExtensibilityGlobals) = postSolution
		SolutionGuid = {15E536E9-ADBE-417D-861A-3C5A669D77BF}
	EndGlobalSection
EndGlobal
